// !$*UTF8*$!
{
	archiveVersion = 1;
	classes = {
	};
	objectVersion = 50;
	objects = {

/* Begin PBXBuildFile section */
		542E0B52244D523200003C1D /* Queue.swift in Sources */ = {isa = PBXBuildFile; fileRef = 542E0B51244D523200003C1D /* Queue.swift */; };
		5495C52724528F13002A1DF5 /* Search.swift in Sources */ = {isa = PBXBuildFile; fileRef = 5495C52624528F13002A1DF5 /* Search.swift */; };
		D7150AA2245BC5AF00849E70 /* GreedyMoney.swift in Sources */ = {isa = PBXBuildFile; fileRef = D7150AA1245BC5AF00849E70 /* GreedyMoney.swift */; };
		D7150AA4245BE23500849E70 /* TriangleMinPath.swift in Sources */ = {isa = PBXBuildFile; fileRef = D7150AA3245BE23500849E70 /* TriangleMinPath.swift */; };
		D7150AA6245C020B00849E70 /* MaxSumOfSubArray.swift in Sources */ = {isa = PBXBuildFile; fileRef = D7150AA5245C020B00849E70 /* MaxSumOfSubArray.swift */; };
		D7150AA8245C586F00849E70 /* RobotSearchPath.swift in Sources */ = {isa = PBXBuildFile; fileRef = D7150AA7245C586F00849E70 /* RobotSearchPath.swift */; };
		D755B6B324386818007F88A5 /* main.swift in Sources */ = {isa = PBXBuildFile; fileRef = D755B6B224386818007F88A5 /* main.swift */; };
		D755B6BA2438686C007F88A5 /* LRUCache.swift in Sources */ = {isa = PBXBuildFile; fileRef = D755B6B92438686C007F88A5 /* LRUCache.swift */; };
		D799F570245354A5009CD99E /* JumpFloor.swift in Sources */ = {isa = PBXBuildFile; fileRef = D799F56F245354A5009CD99E /* JumpFloor.swift */; };
		D799F57224542361009CD99E /* RectRecover.swift in Sources */ = {isa = PBXBuildFile; fileRef = D799F57124542361009CD99E /* RectRecover.swift */; };
/* End PBXBuildFile section */

/* Begin PBXCopyFilesBuildPhase section */
		D755B6AD24386818007F88A5 /* CopyFiles */ = {
			isa = PBXCopyFilesBuildPhase;
			buildActionMask = 2147483647;
			dstPath = /usr/share/man/man1/;
			dstSubfolderSpec = 0;
			files = (
			);
			runOnlyForDeploymentPostprocessing = 1;
		};
/* End PBXCopyFilesBuildPhase section */

/* Begin PBXFileReference section */
		542E0B51244D523200003C1D /* Queue.swift */ = {isa = PBXFileReference; lastKnownFileType = sourcecode.swift; path = Queue.swift; sourceTree = "<group>"; };
		5495C52624528F13002A1DF5 /* Search.swift */ = {isa = PBXFileReference; fileEncoding = 4; lastKnownFileType = sourcecode.swift; path = Search.swift; sourceTree = "<group>"; };
		D7150AA1245BC5AF00849E70 /* GreedyMoney.swift */ = {isa = PBXFileReference; lastKnownFileType = sourcecode.swift; path = GreedyMoney.swift; sourceTree = "<group>"; };
		D7150AA3245BE23500849E70 /* TriangleMinPath.swift */ = {isa = PBXFileReference; lastKnownFileType = sourcecode.swift; path = TriangleMinPath.swift; sourceTree = "<group>"; };
		D7150AA5245C020B00849E70 /* MaxSumOfSubArray.swift */ = {isa = PBXFileReference; lastKnownFileType = sourcecode.swift; path = MaxSumOfSubArray.swift; sourceTree = "<group>"; };
		D7150AA7245C586F00849E70 /* RobotSearchPath.swift */ = {isa = PBXFileReference; lastKnownFileType = sourcecode.swift; path = RobotSearchPath.swift; sourceTree = "<group>"; };
		D755B6AF24386818007F88A5 /* Algorithms */ = {isa = PBXFileReference; explicitFileType = "compiled.mach-o.executable"; includeInIndex = 0; path = Algorithms; sourceTree = BUILT_PRODUCTS_DIR; };
		D755B6B224386818007F88A5 /* main.swift */ = {isa = PBXFileReference; lastKnownFileType = sourcecode.swift; path = main.swift; sourceTree = "<group>"; };
		D755B6B92438686C007F88A5 /* LRUCache.swift */ = {isa = PBXFileReference; lastKnownFileType = sourcecode.swift; path = LRUCache.swift; sourceTree = "<group>"; };
		D799F56F245354A5009CD99E /* JumpFloor.swift */ = {isa = PBXFileReference; lastKnownFileType = sourcecode.swift; path = JumpFloor.swift; sourceTree = "<group>"; };
		D799F57124542361009CD99E /* RectRecover.swift */ = {isa = PBXFileReference; lastKnownFileType = sourcecode.swift; path = RectRecover.swift; sourceTree = "<group>"; };
/* End PBXFileReference section */

/* Begin PBXFrameworksBuildPhase section */
		D755B6AC24386818007F88A5 /* Frameworks */ = {
			isa = PBXFrameworksBuildPhase;
			buildActionMask = 2147483647;
			files = (
			);
			runOnlyForDeploymentPostprocessing = 0;
		};
/* End PBXFrameworksBuildPhase section */

/* Begin PBXGroup section */
		D7150AA9245C611D00849E70 /* DynamicProgramming */ = {
			isa = PBXGroup;
			children = (
				D7150AA3245BE23500849E70 /* TriangleMinPath.swift */,
				D7150AA5245C020B00849E70 /* MaxSumOfSubArray.swift */,
				D7150AA7245C586F00849E70 /* RobotSearchPath.swift */,
			);
			path = DynamicProgramming;
			sourceTree = "<group>";
		};
		D755B6A624386818007F88A5 = {
			isa = PBXGroup;
			children = (
				D755B6B124386818007F88A5 /* Algorithms */,
				D755B6B024386818007F88A5 /* Products */,
			);
			sourceTree = "<group>";
		};
		D755B6B024386818007F88A5 /* Products */ = {
			isa = PBXGroup;
			children = (
				D755B6AF24386818007F88A5 /* Algorithms */,
			);
			name = Products;
			sourceTree = "<group>";
		};
		D755B6B124386818007F88A5 /* Algorithms */ = {
			isa = PBXGroup;
			children = (
				D7150AA9245C611D00849E70 /* DynamicProgramming */,
				D755B6B224386818007F88A5 /* main.swift */,
				D755B6B92438686C007F88A5 /* LRUCache.swift */,
				542E0B51244D523200003C1D /* Queue.swift */,
				5495C52624528F13002A1DF5 /* Search.swift */,
				D799F56F245354A5009CD99E /* JumpFloor.swift */,
				D799F57124542361009CD99E /* RectRecover.swift */,
				D7150AA1245BC5AF00849E70 /* GreedyMoney.swift */,
			);
			path = Algorithms;
			sourceTree = "<group>";
		};
/* End PBXGroup section */

/* Begin PBXNativeTarget section */
		D755B6AE24386818007F88A5 /* Algorithms */ = {
			isa = PBXNativeTarget;
			buildConfigurationList = D755B6B624386818007F88A5 /* Build configuration list for PBXNativeTarget "Algorithms" */;
			buildPhases = (
				D755B6AB24386818007F88A5 /* Sources */,
				D755B6AC24386818007F88A5 /* Frameworks */,
				D755B6AD24386818007F88A5 /* CopyFiles */,
			);
			buildRules = (
			);
			dependencies = (
			);
			name = Algorithms;
			productName = Algorithms;
			productReference = D755B6AF24386818007F88A5 /* Algorithms */;
			productType = "com.apple.product-type.tool";
		};
/* End PBXNativeTarget section */

/* Begin PBXProject section */
		D755B6A724386818007F88A5 /* Project object */ = {
			isa = PBXProject;
			attributes = {
				LastSwiftUpdateCheck = 1140;
				LastUpgradeCheck = 1140;
				ORGANIZATIONNAME = wentilin;
				TargetAttributes = {
					D755B6AE24386818007F88A5 = {
						CreatedOnToolsVersion = 11.4;
					};
				};
			};
			buildConfigurationList = D755B6AA24386818007F88A5 /* Build configuration list for PBXProject "Algorithms" */;
			compatibilityVersion = "Xcode 9.3";
			developmentRegion = en;
			hasScannedForEncodings = 0;
			knownRegions = (
				en,
				Base,
			);
			mainGroup = D755B6A624386818007F88A5;
			productRefGroup = D755B6B024386818007F88A5 /* Products */;
			projectDirPath = "";
			projectRoot = "";
			targets = (
				D755B6AE24386818007F88A5 /* Algorithms */,
			);
		};
/* End PBXProject section */

/* Begin PBXSourcesBuildPhase section */
		D755B6AB24386818007F88A5 /* Sources */ = {
			isa = PBXSourcesBuildPhase;
			buildActionMask = 2147483647;
			files = (
				D7150AA6245C020B00849E70 /* MaxSumOfSubArray.swift in Sources */,
				D7150AA8245C586F00849E70 /* RobotSearchPath.swift in Sources */,
				D799F57224542361009CD99E /* RectRecover.swift in Sources */,
				D755B6BA2438686C007F88A5 /* LRUCache.swift in Sources */,
				5495C52724528F13002A1DF5 /* Search.swift in Sources */,
				542E0B52244D523200003C1D /* Queue.swift in Sources */,
				D799F570245354A5009CD99E /* JumpFloor.swift in Sources */,
				D755B6B324386818007F88A5 /* main.swift in Sources */,
				D7150AA2245BC5AF00849E70 /* GreedyMoney.swift in Sources */,
				D7150AA4245BE23500849E70 /* TriangleMinPath.swift in Sources */,
			);
			runOnlyForDeploymentPostprocessing = 0;
		};
/* End PBXSourcesBuildPhase section */

/* Begin XCBuildConfiguration section */
		D755B6B424386818007F88A5 /* Debug */ = {
			isa = XCBuildConfiguration;
			buildSettings = {
				ALWAYS_SEARCH_USER_PATHS = NO;
				CLANG_ANALYZER_NONNULL = YES;
				CLANG_ANALYZER_NUMBER_OBJECT_CONVERSION = YES_AGGRESSIVE;
				CLANG_CXX_LANGUAGE_STANDARD = "gnu++14";
				CLANG_CXX_LIBRARY = "libc++";
				CLANG_ENABLE_MODULES = YES;
				CLANG_ENABLE_OBJC_ARC = YES;
				CLANG_ENABLE_OBJC_WEAK = YES;
				CLANG_WARN_BLOCK_CAPTURE_AUTORELEASING = YES;
				CLANG_WARN_BOOL_CONVERSION = YES;
				CLANG_WARN_COMMA = YES;
				CLANG_WARN_CONSTANT_CONVERSION = YES;
				CLANG_WARN_DEPRECATED_OBJC_IMPLEMENTATIONS = YES;
				CLANG_WARN_DIRECT_OBJC_ISA_USAGE = YES_ERROR;
				CLANG_WARN_DOCUMENTATION_COMMENTS = YES;
				CLANG_WARN_EMPTY_BODY = YES;
				CLANG_WARN_ENUM_CONVERSION = YES;
				CLANG_WARN_INFINITE_RECURSION = YES;
				CLANG_WARN_INT_CONVERSION = YES;
				CLANG_WARN_NON_LITERAL_NULL_CONVERSION = YES;
				CLANG_WARN_OBJC_IMPLICIT_RETAIN_SELF = YES;
				CLANG_WARN_OBJC_LITERAL_CONVERSION = YES;
				CLANG_WARN_OBJC_ROOT_CLASS = YES_ERROR;
				CLANG_WARN_RANGE_LOOP_ANALYSIS = YES;
				CLANG_WARN_STRICT_PROTOTYPES = YES;
				CLANG_WARN_SUSPICIOUS_MOVE = YES;
				CLANG_WARN_UNGUARDED_AVAILABILITY = YES_AGGRESSIVE;
				CLANG_WARN_UNREACHABLE_CODE = YES;
				CLANG_WARN__DUPLICATE_METHOD_MATCH = YES;
				COPY_PHASE_STRIP = NO;
				DEBUG_INFORMATION_FORMAT = dwarf;
				ENABLE_STRICT_OBJC_MSGSEND = YES;
				ENABLE_TESTABILITY = YES;
				GCC_C_LANGUAGE_STANDARD = gnu11;
				GCC_DYNAMIC_NO_PIC = NO;
				GCC_NO_COMMON_BLOCKS = YES;
				GCC_OPTIMIZATION_LEVEL = 0;
				GCC_PREPROCESSOR_DEFINITIONS = (
					"DEBUG=1",
					"$(inherited)",
				);
				GCC_WARN_64_TO_32_BIT_CONVERSION = YES;
				GCC_WARN_ABOUT_RETURN_TYPE = YES_ERROR;
				GCC_WARN_UNDECLARED_SELECTOR = YES;
				GCC_WARN_UNINITIALIZED_AUTOS = YES_AGGRESSIVE;
				GCC_WARN_UNUSED_FUNCTION = YES;
				GCC_WARN_UNUSED_VARIABLE = YES;
				MACOSX_DEPLOYMENT_TARGET = 10.15;
				MTL_ENABLE_DEBUG_INFO = INCLUDE_SOURCE;
				MTL_FAST_MATH = YES;
				ONLY_ACTIVE_ARCH = YES;
				SDKROOT = macosx;
				SWIFT_ACTIVE_COMPILATION_CONDITIONS = DEBUG;
				SWIFT_OPTIMIZATION_LEVEL = "-Onone";
			};
			name = Debug;
		};
		D755B6B524386818007F88A5 /* Release */ = {
			isa = XCBuildConfiguration;
			buildSettings = {
				ALWAYS_SEARCH_USER_PATHS = NO;
				CLANG_ANALYZER_NONNULL = YES;
				CLANG_ANALYZER_NUMBER_OBJECT_CONVERSION = YES_AGGRESSIVE;
				CLANG_CXX_LANGUAGE_STANDARD = "gnu++14";
				CLANG_CXX_LIBRARY = "libc++";
				CLANG_ENABLE_MODULES = YES;
				CLANG_ENABLE_OBJC_ARC = YES;
				CLANG_ENABLE_OBJC_WEAK = YES;
				CLANG_WARN_BLOCK_CAPTURE_AUTORELEASING = YES;
				CLANG_WARN_BOOL_CONVERSION = YES;
				CLANG_WARN_COMMA = YES;
				CLANG_WARN_CONSTANT_CONVERSION = YES;
				CLANG_WARN_DEPRECATED_OBJC_IMPLEMENTATIONS = YES;
				CLANG_WARN_DIRECT_OBJC_ISA_USAGE = YES_ERROR;
				CLANG_WARN_DOCUMENTATION_COMMENTS = YES;
				CLANG_WARN_EMPTY_BODY = YES;
				CLANG_WARN_ENUM_CONVERSION = YES;
				CLANG_WARN_INFINITE_RECURSION = YES;
				CLANG_WARN_INT_CONVERSION = YES;
				CLANG_WARN_NON_LITERAL_NULL_CONVERSION = YES;
				CLANG_WARN_OBJC_IMPLICIT_RETAIN_SELF = YES;
				CLANG_WARN_OBJC_LITERAL_CONVERSION = YES;
				CLANG_WARN_OBJC_ROOT_CLASS = YES_ERROR;
				CLANG_WARN_RANGE_LOOP_ANALYSIS = YES;
				CLANG_WARN_STRICT_PROTOTYPES = YES;
				CLANG_WARN_SUSPICIOUS_MOVE = YES;
				CLANG_WARN_UNGUARDED_AVAILABILITY = YES_AGGRESSIVE;
				CLANG_WARN_UNREACHABLE_CODE = YES;
				CLANG_WARN__DUPLICATE_METHOD_MATCH = YES;
				COPY_PHASE_STRIP = NO;
				DEBUG_INFORMATION_FORMAT = "dwarf-with-dsym";
				ENABLE_NS_ASSERTIONS = NO;
				ENABLE_STRICT_OBJC_MSGSEND = YES;
				GCC_C_LANGUAGE_STANDARD = gnu11;
				GCC_NO_COMMON_BLOCKS = YES;
				GCC_WARN_64_TO_32_BIT_CONVERSION = YES;
				GCC_WARN_ABOUT_RETURN_TYPE = YES_ERROR;
				GCC_WARN_UNDECLARED_SELECTOR = YES;
				GCC_WARN_UNINITIALIZED_AUTOS = YES_AGGRESSIVE;
				GCC_WARN_UNUSED_FUNCTION = YES;
				GCC_WARN_UNUSED_VARIABLE = YES;
				MACOSX_DEPLOYMENT_TARGET = 10.15;
				MTL_ENABLE_DEBUG_INFO = NO;
				MTL_FAST_MATH = YES;
				SDKROOT = macosx;
				SWIFT_COMPILATION_MODE = wholemodule;
				SWIFT_OPTIMIZATION_LEVEL = "-O";
			};
			name = Release;
		};
		D755B6B724386818007F88A5 /* Debug */ = {
			isa = XCBuildConfiguration;
			buildSettings = {
				CODE_SIGN_STYLE = Automatic;
				DEVELOPMENT_TEAM = 4EG25ZT9T6;
				ENABLE_HARDENED_RUNTIME = YES;
				PRODUCT_NAME = "$(TARGET_NAME)";
				SWIFT_VERSION = 5.0;
			};
			name = Debug;
		};
		D755B6B824386818007F88A5 /* Release */ = {
			isa = XCBuildConfiguration;
			buildSettings = {
				CODE_SIGN_STYLE = Automatic;
				DEVELOPMENT_TEAM = 4EG25ZT9T6;
				ENABLE_HARDENED_RUNTIME = YES;
				PRODUCT_NAME = "$(TARGET_NAME)";
				SWIFT_VERSION = 5.0;
			};
			name = Release;
		};
/* End XCBuildConfiguration section */

/* Begin XCConfigurationList section */
		D755B6AA24386818007F88A5 /* Build configuration list for PBXProject "Algorithms" */ = {
			isa = XCConfigurationList;
			buildConfigurations = (
				D755B6B424386818007F88A5 /* Debug */,
				D755B6B524386818007F88A5 /* Release */,
			);
			defaultConfigurationIsVisible = 0;
			defaultConfigurationName = Release;
		};
		D755B6B624386818007F88A5 /* Build configuration list for PBXNativeTarget "Algorithms" */ = {
			isa = XCConfigurationList;
			buildConfigurations = (
				D755B6B724386818007F88A5 /* Debug */,
				D755B6B824386818007F88A5 /* Release */,
			);
			defaultConfigurationIsVisible = 0;
			defaultConfigurationName = Release;
		};
/* End XCConfigurationList section */
	};
	rootObject = D755B6A724386818007F88A5 /* Project object */;
}
